{
  "name": "pebble-doorcode-watchapp",
  "version": "1.0.0",
  "lockfileVersion": 3,
  "requires": true,
  "packages": {
    "": {
      "name": "pebble-doorcode-watchapp",
      "version": "1.0.0",
      "dependencies": {
        "@moddable/pebbleproxy": "^0.2.0"
      }
    },
    "node_modules/@moddable/pebbleproxy": {
      "version": "0.2.0",
      "resolved": "https://registry.npmjs.org/@moddable/pebbleproxy/-/pebbleproxy-0.2.0.tgz",
      "integrity": "sha512-az5kHInjyKq2T+3ySSSTLdEIXS7bzlON3fMUmS/OQV1rDsF6Jbg4ZQWBbtfLeWE3wjLNsEqxZjZUZLfZXCOkhg==",
      "license": "LGPL-3.0-or-later"
    }
  }
}
